
Microsoft Visual Studio Solution File, Format Version 12.00
# Visual Studio Version 17
VisualStudioVersion = 17.0.31903.59
MinimumVisualStudioVersion = 10.0.40219.1
Project("{FAE04EC0-301F-11D3-BF4B-00C04F79EFBC}") = "e1", "e1\e1.csproj", "{C8CE904B-C346-4587-9A2B-0D76F1771491}"
EndProject
Project("{FAE04EC0-301F-11D3-BF4B-00C04F79EFBC}") = "e2", "e2\e2.csproj", "{E4A1DD12-3CA3-4B88-92E8-740DB0C9AD6C}"
EndProject
Project("{FAE04EC0-301F-11D3-BF4B-00C04F79EFBC}") = "e3", "e3\e3.csproj", "{956856F5-7D00-4A64-9221-97EB66690868}"
EndProject
Project("{FAE04EC0-301F-11D3-BF4B-00C04F79EFBC}") = "e4", "e4\e4.csproj", "{55C2039B-A502-4617-A841-C3BA34485334}"
EndProject
Global
	GlobalSection(SolutionConfigurationPlatforms) = preSolution
		Debug|Any CPU = Debug|Any CPU
		Release|Any CPU = Release|Any CPU
	EndGlobalSection
	GlobalSection(SolutionProperties) = preSolution
		HideSolutionNode = FALSE
	EndGlobalSection
	GlobalSection(ProjectConfigurationPlatforms) = postSolution
		{C8CE904B-C346-4587-9A2B-0D76F1771491}.Debug|Any CPU.ActiveCfg = Debug|Any CPU
		{C8CE904B-C346-4587-9A2B-0D76F1771491}.Debug|Any CPU.Build.0 = Debug|Any CPU
		{C8CE904B-C346-4587-9A2B-0D76F1771491}.Release|Any CPU.ActiveCfg = Release|Any CPU
		{C8CE904B-C346-4587-9A2B-0D76F1771491}.Release|Any CPU.Build.0 = Release|Any CPU
		{E4A1DD12-3CA3-4B88-92E8-740DB0C9AD6C}.Debug|Any CPU.ActiveCfg = Debug|Any CPU
		{E4A1DD12-3CA3-4B88-92E8-740DB0C9AD6C}.Debug|Any CPU.Build.0 = Debug|Any CPU
		{E4A1DD12-3CA3-4B88-92E8-740DB0C9AD6C}.Release|Any CPU.ActiveCfg = Release|Any CPU
		{E4A1DD12-3CA3-4B88-92E8-740DB0C9AD6C}.Release|Any CPU.Build.0 = Release|Any CPU
		{956856F5-7D00-4A64-9221-97EB66690868}.Debug|Any CPU.ActiveCfg = Debug|Any CPU
		{956856F5-7D00-4A64-9221-97EB66690868}.Debug|Any CPU.Build.0 = Debug|Any CPU
		{956856F5-7D00-4A64-9221-97EB66690868}.Release|Any CPU.ActiveCfg = Release|Any CPU
		{956856F5-7D00-4A64-9221-97EB66690868}.Release|Any CPU.Build.0 = Release|Any CPU
		{55C2039B-A502-4617-A841-C3BA34485334}.Debug|Any CPU.ActiveCfg = Debug|Any CPU
		{55C2039B-A502-4617-A841-C3BA34485334}.Debug|Any CPU.Build.0 = Debug|Any CPU
		{55C2039B-A502-4617-A841-C3BA34485334}.Release|Any CPU.ActiveCfg = Release|Any CPU
		{55C2039B-A502-4617-A841-C3BA34485334}.Release|Any CPU.Build.0 = Release|Any CPU
	EndGlobalSection
EndGlobal
